version: 5
environments:
  default:
    channels:
    - url: https://conda.anaconda.org/conda-forge/
    - url: https://software.repos.intel.com/python/conda/
    packages:
      linux-64:
      - conda: https://conda.anaconda.org/conda-forge/linux-64/_libgcc_mutex-0.1-conda_forge.tar.bz2
      - conda: https://conda.anaconda.org/conda-forge/linux-64/_openmp_mutex-4.5-2_kmp_llvm.tar.bz2
      - conda: https://conda.anaconda.org/conda-forge/noarch/_sysroot_linux-64_curr_repodata_hack-3-h69a702a_16.conda
      - conda: https://conda.anaconda.org/conda-forge/linux-64/blas-2.123-openblas.conda
      - conda: https://conda.anaconda.org/conda-forge/linux-64/blas-devel-3.9.0-23_linux64_openblas.conda
      - conda: https://conda.anaconda.org/conda-forge/linux-64/dpcpp-cpp-rt-2022.2.0-h27087fc_8734.tar.bz2
      - conda: https://conda.anaconda.org/conda-forge/linux-64/dpcpp_impl_linux-64-2022.2.0-hb01953d_8734.tar.bz2
      - conda: https://conda.anaconda.org/conda-forge/linux-64/dpcpp_linux-64-2022.2.0-h27087fc_8734.tar.bz2
      - conda: https://conda.anaconda.org/conda-forge/linux-64/icu-75.1-he02047a_0.conda
      - conda: https://conda.anaconda.org/conda-forge/linux-64/intel-cmplr-lib-rt-2022.2.0-h6239696_8734.tar.bz2
      - conda: https://conda.anaconda.org/conda-forge/linux-64/intel-cmplr-lic-rt-2022.2.0-ha770c72_8734.tar.bz2
      - conda: https://conda.anaconda.org/conda-forge/linux-64/intel-opencl-rt-2022.2.0-hce74451_8734.tar.bz2
      - conda: https://conda.anaconda.org/conda-forge/noarch/kernel-headers_linux-64-3.10.0-h4a8ded7_16.conda
      - conda: https://conda.anaconda.org/conda-forge/linux-64/libblas-3.9.0-23_linux64_openblas.conda
      - conda: https://conda.anaconda.org/conda-forge/linux-64/libcblas-3.9.0-23_linux64_openblas.conda
      - conda: https://conda.anaconda.org/conda-forge/linux-64/libgcc-ng-14.1.0-h77fa898_0.conda
      - conda: https://conda.anaconda.org/conda-forge/linux-64/libgfortran-ng-14.1.0-h69a702a_0.conda
      - conda: https://conda.anaconda.org/conda-forge/linux-64/libgfortran5-14.1.0-hc5f4f2c_0.conda
      - conda: https://conda.anaconda.org/conda-forge/linux-64/libhwloc-2.11.1-default_hecaa2ac_1000.conda
      - conda: https://conda.anaconda.org/conda-forge/linux-64/libiconv-1.17-hd590300_2.conda
      - conda: https://conda.anaconda.org/conda-forge/linux-64/liblapack-3.9.0-23_linux64_openblas.conda
      - conda: https://conda.anaconda.org/conda-forge/linux-64/liblapacke-3.9.0-23_linux64_openblas.conda
      - conda: https://conda.anaconda.org/conda-forge/linux-64/libopenblas-0.3.27-pthreads_hac2b453_1.conda
      - conda: https://conda.anaconda.org/conda-forge/linux-64/libstdcxx-ng-14.1.0-hc0a3c3a_0.conda
      - conda: https://conda.anaconda.org/conda-forge/linux-64/libxml2-2.12.7-he7c6b58_4.conda
      - conda: https://conda.anaconda.org/conda-forge/linux-64/libzlib-1.3.1-h4ab18f5_1.conda
      - conda: https://conda.anaconda.org/conda-forge/linux-64/llvm-openmp-18.1.8-hf5423f3_1.conda
      - conda: https://conda.anaconda.org/conda-forge/linux-64/mkl-2021.4.0-h8d4b97c_729.tar.bz2
      - conda: https://conda.anaconda.org/conda-forge/linux-64/mkl-devel-2021.4.0-ha770c72_730.tar.bz2
      - conda: https://conda.anaconda.org/conda-forge/linux-64/mkl-include-2021.4.0-h8d4b97c_729.tar.bz2
      - conda: https://conda.anaconda.org/conda-forge/linux-64/ocl-icd-2.3.2-hd590300_1.conda
      - conda: https://conda.anaconda.org/conda-forge/linux-64/openblas-0.3.27-pthreads_h9eca1d5_1.conda
      - conda: https://conda.anaconda.org/conda-forge/noarch/sysroot_linux-64-2.17-h4a8ded7_16.conda
      - conda: https://conda.anaconda.org/conda-forge/linux-64/tbb-2021.12.0-h434a139_3.conda
      - conda: https://conda.anaconda.org/conda-forge/noarch/tzdata-2024a-h0c530f3_0.conda
      - conda: https://conda.anaconda.org/conda-forge/linux-64/xz-5.2.6-h166bdaf_0.tar.bz2
      - conda: https://conda.anaconda.org/conda-forge/linux-64/zstd-1.5.6-ha6fb4c9_0.conda
packages:
- kind: conda
  name: _libgcc_mutex
  version: '0.1'
  build: conda_forge
  subdir: linux-64
  url: https://conda.anaconda.org/conda-forge/linux-64/_libgcc_mutex-0.1-conda_forge.tar.bz2
  sha256: fe51de6107f9edc7aa4f786a70f4a883943bc9d39b3bb7307c04c41410990726
  md5: d7c89558ba9fa0495403155b64376d81
  license: None
  size: 2562
  timestamp: 1578324546067
- kind: conda
  name: _openmp_mutex
  version: '4.5'
  build: 2_kmp_llvm
  build_number: 2
  subdir: linux-64
  url: https://conda.anaconda.org/conda-forge/linux-64/_openmp_mutex-4.5-2_kmp_llvm.tar.bz2
  sha256: 84a66275da3a66e3f3e70e9d8f10496d807d01a9e4ec16cd2274cc5e28c478fc
  md5: 562b26ba2e19059551a811e72ab7f793
  depends:
  - _libgcc_mutex 0.1 conda_forge
  - llvm-openmp >=9.0.1
  license: BSD-3-Clause
  license_family: BSD
  size: 5744
  timestamp: 1650742457817
- kind: conda
  name: _sysroot_linux-64_curr_repodata_hack
  version: '3'
  build: h69a702a_16
  build_number: 16
  subdir: noarch
  noarch: generic
  url: https://conda.anaconda.org/conda-forge/noarch/_sysroot_linux-64_curr_repodata_hack-3-h69a702a_16.conda
  sha256: 6ac30acdbfd3136ee7a1de28af4355165291627e905715611726e674499b0786
  md5: 1c005af0c6ff22814b7c52ee448d4bea
  license: LGPL-2.0-or-later AND LGPL-2.0-or-later WITH exceptions AND GPL-2.0-or-later AND MPL-2.0
  license_family: GPL
  size: 20798
  timestamp: 1720621358501
- kind: conda
  name: blas
  version: '2.123'
  build: openblas
  build_number: 23
  subdir: linux-64
  url: https://conda.anaconda.org/conda-forge/linux-64/blas-2.123-openblas.conda
  sha256: e50913fe846d5d6e6f5a3553d5e6776bfd07b2530b30095669b8499c0ff35094
  md5: 7f4b3ea1cdd6e50dca2a226abda6e2d9
  depends:
  - __glibc >=2.17,<3.0.a0
  - _openmp_mutex * *_llvm
  - _openmp_mutex >=4.5
  - blas-devel 3.9.0 23_linux64_openblas
  - libblas 3.9.0 23_linux64_openblas
  - libcblas 3.9.0 23_linux64_openblas
  - libgcc-ng >=12
  - libgfortran-ng
  - libgfortran5 >=12.4.0
  - liblapack 3.9.0 23_linux64_openblas
  - liblapacke 3.9.0 23_linux64_openblas
  - llvm-openmp >=18.1.8
  license: BSD-3-Clause
  license_family: BSD
  size: 15026
  timestamp: 1721688858035
- kind: conda
  name: blas-devel
  version: 3.9.0
  build: 23_linux64_openblas
  build_number: 23
  subdir: linux-64
  url: https://conda.anaconda.org/conda-forge/linux-64/blas-devel-3.9.0-23_linux64_openblas.conda
  sha256: b84be53e83d5c18254bb9664ebe15dbf559898f78aecdb3cce9f3f121d2f8ee8
  md5: 08b43a5c3d6cc13aeb69bd2cbc293196
  depends:
  - libblas 3.9.0 23_linux64_openblas
  - libcblas 3.9.0 23_linux64_openblas
  - liblapack 3.9.0 23_linux64_openblas
  - liblapacke 3.9.0 23_linux64_openblas
  - openblas 0.3.27.*
  license: BSD-3-Clause
  license_family: BSD
  size: 14835
  timestamp: 1721688790396
- kind: conda
  name: dpcpp-cpp-rt
  version: 2022.2.0
  build: h27087fc_8734
  build_number: 8734
  subdir: linux-64
  url: https://conda.anaconda.org/conda-forge/linux-64/dpcpp-cpp-rt-2022.2.0-h27087fc_8734.tar.bz2
  sha256: 9c2f014069fa9abed52fd8fd3d3b8ac3b5a815865ce07e84857c8a65d79046bd
  md5: 80d7d71de751d30eeb3c95f5796efc8e
  depends:
  - _openmp_mutex * *_llvm
  - intel-cmplr-lib-rt 2022.2.0 h6239696_8734
  - intel-cmplr-lic-rt 2022.2.0 ha770c72_8734
  - intel-opencl-rt 2022.2.0 hce74451_8734
  - libgcc-ng >=12
  - libstdcxx-ng >=12
  - ocl-icd >=2.3.1,<3.0a0
  license: LicenseRef-Proprietary-Intel-End-User-License-Agreement-for-Developer-Tools
  license_family: Proprietary
  size: 1519647
  timestamp: 1664755609943
- kind: conda
  name: dpcpp_impl_linux-64
  version: 2022.2.0
  build: hb01953d_8734
  build_number: 8734
  subdir: linux-64
  url: https://conda.anaconda.org/conda-forge/linux-64/dpcpp_impl_linux-64-2022.2.0-hb01953d_8734.tar.bz2
  sha256: cab265a3791cb600e4c3dbd96d330920a2e4c7e7989cee7f1db3f5c5a6b2bddc
  md5: e831931dd974763fe99ad87fb36e6bf7
  depends:
  - _openmp_mutex >=4.5
  - dpcpp-cpp-rt 2022.2.0 h27087fc_8734
  - libgcc-ng >=12
  - libstdcxx-ng >=12
  - libxml2 >=2.9.14,<3.0.0a0
  - libzlib >=1.2.12,<2.0.0a0
  - ocl-icd >=2.3.1,<3.0a0
  - sysroot_linux-64 2.17.*
  license: LicenseRef-Proprietary-Intel-End-User-License-Agreement-for-Developer-Tools
  license_family: Proprietary
  size: 306309153
  timestamp: 1664755727983
- kind: conda
  name: dpcpp_linux-64
  version: 2022.2.0
  build: h27087fc_8734
  build_number: 8734
  subdir: linux-64
  url: https://conda.anaconda.org/conda-forge/linux-64/dpcpp_linux-64-2022.2.0-h27087fc_8734.tar.bz2
  sha256: 09bfc93d4f931e7b72a2d85f4c9dc744f2d27a0ce2e8fd720767dfc7b31cfef1
  md5: 8b4d47117bcaa184051834de36570b41
  depends:
  - dpcpp_impl_linux-64 2022.2.0 hb01953d_8734
  license: LicenseRef-Proprietary-Intel-End-User-License-Agreement-for-Developer-Tools
  license_family: Proprietary
  size: 29728
  timestamp: 1664756023162
- kind: conda
  name: icu
  version: '75.1'
  build: he02047a_0
  subdir: linux-64
  url: https://conda.anaconda.org/conda-forge/linux-64/icu-75.1-he02047a_0.conda
  sha256: 71e750d509f5fa3421087ba88ef9a7b9be11c53174af3aa4d06aff4c18b38e8e
  md5: 8b189310083baabfb622af68fd9d3ae3
  depends:
  - __glibc >=2.17,<3.0.a0
  - libgcc-ng >=12
  - libstdcxx-ng >=12
  license: MIT
  license_family: MIT
  size: 12129203
  timestamp: 1720853576813
- kind: conda
  name: intel-cmplr-lib-rt
  version: 2022.2.0
  build: h6239696_8734
  build_number: 8734
  subdir: linux-64
  url: https://conda.anaconda.org/conda-forge/linux-64/intel-cmplr-lib-rt-2022.2.0-h6239696_8734.tar.bz2
  sha256: 440e1bf875d394cd260027e9a525a2842f1a85a0f7aef92ca317e3da17d7ea9b
  md5: 559e5ec6d8572ed3f8e7a71e94d34a80
  depends:
  - libgcc-ng >=12
  - libstdcxx-ng >=12
  - libzlib >=1.2.12,<2.0.0a0
  - ocl-icd >=2.3.1,<3.0a0
  license: LicenseRef-Proprietary-Intel-End-User-License-Agreement-for-Developer-Tools
  license_family: Proprietary
  size: 28879064
  timestamp: 1664755273808
- kind: conda
  name: intel-cmplr-lic-rt
  version: 2022.2.0
  build: ha770c72_8734
  build_number: 8734
  subdir: linux-64
  url: https://conda.anaconda.org/conda-forge/linux-64/intel-cmplr-lic-rt-2022.2.0-ha770c72_8734.tar.bz2
  sha256: cc4e2844b9c1137a2f6cf186c61fe15ba93a59bd3721fbdaae88c6864d85258b
  md5: eeef486e8c349654b0ec96268c11f5a0
  license: LicenseRef-Proprietary-Intel-End-User-License-Agreement-for-Developer-Tools
  license_family: Proprietary
  size: 29401
  timestamp: 1664755303821
- kind: conda
  name: intel-opencl-rt
  version: 2022.2.0
  build: hce74451_8734
  build_number: 8734
  subdir: linux-64
  url: https://conda.anaconda.org/conda-forge/linux-64/intel-opencl-rt-2022.2.0-hce74451_8734.tar.bz2
  sha256: 566c4d1f0788cbade4b5155559fa7b8fafc3388864334196c585699ee422446d
  md5: 735fb055b4bfa4e7f5e7b2fccbb12cd5
  depends:
  - __glibc >=2.17,<3.0.a0
  - intel-cmplr-lib-rt 2022.2.0.*
  - intel-cmplr-lic-rt 2022.2.0 ha770c72_8734
  - libgcc-ng >=12
  - libstdcxx-ng >=12
  - libxml2 >=2.9.14,<3.0.0a0
  - libzlib >=1.2.12,<2.0.0a0
  - ocl-icd >=2.3.1,<3.0a0
  - tbb >=2021.6.0
  license: LicenseRef-Proprietary-Intel-End-User-License-Agreement-for-Developer-Tools
  license_family: Proprietary
  size: 142654221
  timestamp: 1664755460293
- kind: conda
  name: kernel-headers_linux-64
  version: 3.10.0
  build: h4a8ded7_16
  build_number: 16
  subdir: noarch
  noarch: generic
  url: https://conda.anaconda.org/conda-forge/noarch/kernel-headers_linux-64-3.10.0-h4a8ded7_16.conda
  sha256: a55044e0f61058a5f6bab5e1dd7f15a1fa7a08ec41501dbfca5ab0fc50b9c0c1
  md5: ff7f38675b226cfb855aebfc32a13e31
  depends:
  - _sysroot_linux-64_curr_repodata_hack 3.*
  constrains:
  - sysroot_linux-64 ==2.17
  license: LGPL-2.0-or-later AND LGPL-2.0-or-later WITH exceptions AND GPL-2.0-or-later AND MPL-2.0
  license_family: GPL
  size: 944344
  timestamp: 1720621422017
- kind: conda
  name: libblas
  version: 3.9.0
  build: 23_linux64_openblas
  build_number: 23
  subdir: linux-64
  url: https://conda.anaconda.org/conda-forge/linux-64/libblas-3.9.0-23_linux64_openblas.conda
  sha256: edb1cee5da3ac4936940052dcab6969673ba3874564f90f5110f8c11eed789c2
  md5: 96c8450a40aa2b9733073a9460de972c
  depends:
  - libopenblas >=0.3.27,<0.3.28.0a0
  - libopenblas >=0.3.27,<1.0a0
  constrains:
  - liblapacke 3.9.0 23_linux64_openblas
  - libcblas 3.9.0 23_linux64_openblas
  - liblapack 3.9.0 23_linux64_openblas
  - blas * openblas
  license: BSD-3-Clause
  license_family: BSD
  size: 14880
  timestamp: 1721688759937
- kind: conda
  name: libcblas
  version: 3.9.0
  build: 23_linux64_openblas
  build_number: 23
  subdir: linux-64
  url: https://conda.anaconda.org/conda-forge/linux-64/libcblas-3.9.0-23_linux64_openblas.conda
  sha256: 3e7a3236e7e03e308e1667d91d0aa70edd0cba96b4b5563ef4adde088e0881a5
  md5: eede29b40efa878cbe5bdcb767e97310
  depends:
  - libblas 3.9.0 23_linux64_openblas
  constrains:
  - liblapacke 3.9.0 23_linux64_openblas
  - liblapack 3.9.0 23_linux64_openblas
  - blas * openblas
  license: BSD-3-Clause
  license_family: BSD
  size: 14798
  timestamp: 1721688767584
- kind: conda
  name: libgcc-ng
  version: 14.1.0
  build: h77fa898_0
  subdir: linux-64
  url: https://conda.anaconda.org/conda-forge/linux-64/libgcc-ng-14.1.0-h77fa898_0.conda
  sha256: b8e869ac96591cda2704bf7e77a301025e405227791a0bddf14a3dac65125538
  md5: ca0fad6a41ddaef54a153b78eccb5037
  depends:
  - _libgcc_mutex 0.1 conda_forge
  - _openmp_mutex >=4.5
  constrains:
  - libgomp 14.1.0 h77fa898_0
  license: GPL-3.0-only WITH GCC-exception-3.1
  license_family: GPL
  size: 842109
  timestamp: 1719538896937
- kind: conda
  name: libgfortran-ng
  version: 14.1.0
  build: h69a702a_0
  subdir: linux-64
  url: https://conda.anaconda.org/conda-forge/linux-64/libgfortran-ng-14.1.0-h69a702a_0.conda
  sha256: ef624dacacf97b2b0af39110b36e2fd3e39e358a1a6b7b21b85c9ac22d8ffed9
  md5: f4ca84fbd6d06b0a052fb2d5b96dde41
  depends:
  - libgfortran5 14.1.0 hc5f4f2c_0
  license: GPL-3.0-only WITH GCC-exception-3.1
  license_family: GPL
  size: 49893
  timestamp: 1719538933879
- kind: conda
  name: libgfortran5
  version: 14.1.0
  build: hc5f4f2c_0
  subdir: linux-64
  url: https://conda.anaconda.org/conda-forge/linux-64/libgfortran5-14.1.0-hc5f4f2c_0.conda
  sha256: a67d66b1e60a8a9a9e4440cee627c959acb4810cb182e089a4b0729bfdfbdf90
  md5: 6456c2620c990cd8dde2428a27ba0bc5
  depends:
  - libgcc-ng >=14.1.0
  constrains:
  - libgfortran-ng 14.1.0
  license: GPL-3.0-only WITH GCC-exception-3.1
  license_family: GPL
  size: 1457561
  timestamp: 1719538909168
- kind: conda
  name: libhwloc
  version: 2.11.1
  build: default_hecaa2ac_1000
  build_number: 1000
  subdir: linux-64
  url: https://conda.anaconda.org/conda-forge/linux-64/libhwloc-2.11.1-default_hecaa2ac_1000.conda
  sha256: 8473a300e10b79557ce0ac81602506b47146aff3df4cc3568147a7dd07f480a2
  md5: f54aeebefb5c5ff84eca4fb05ca8aa3a
  depends:
  - __glibc >=2.17,<3.0.a0
  - libgcc-ng >=12
  - libstdcxx-ng >=12
  - libxml2 >=2.12.7,<3.0a0
  license: BSD-3-Clause
  license_family: BSD
  size: 2417964
  timestamp: 1720460562447
- kind: conda
  name: libiconv
  version: '1.17'
  build: hd590300_2
  build_number: 2
  subdir: linux-64
  url: https://conda.anaconda.org/conda-forge/linux-64/libiconv-1.17-hd590300_2.conda
  sha256: 8ac2f6a9f186e76539439e50505d98581472fedb347a20e7d1f36429849f05c9
  md5: d66573916ffcf376178462f1b61c941e
  depends:
  - libgcc-ng >=12
  license: LGPL-2.1-only
  size: 705775
  timestamp: 1702682170569
- kind: conda
  name: liblapack
  version: 3.9.0
  build: 23_linux64_openblas
  build_number: 23
  subdir: linux-64
  url: https://conda.anaconda.org/conda-forge/linux-64/liblapack-3.9.0-23_linux64_openblas.conda
  sha256: 25c7aef86c8a1d9db0e8ee61aa7462ba3b46b482027a65d66eb83e3e6f949043
  md5: 2af0879961951987e464722fd00ec1e0
  depends:
  - libblas 3.9.0 23_linux64_openblas
  constrains:
  - liblapacke 3.9.0 23_linux64_openblas
  - libcblas 3.9.0 23_linux64_openblas
  - blas * openblas
  license: BSD-3-Clause
  license_family: BSD
  size: 14823
  timestamp: 1721688775172
- kind: conda
  name: liblapacke
  version: 3.9.0
  build: 23_linux64_openblas
  build_number: 23
  subdir: linux-64
  url: https://conda.anaconda.org/conda-forge/linux-64/liblapacke-3.9.0-23_linux64_openblas.conda
  sha256: 071384c9023997abc53111ec4dd71c27d68cb355b0a5c684f7cb7ba90a5ae830
  md5: 89d7bcdb1e9a72a73e36d8e29d2a2beb
  depends:
  - libblas 3.9.0 23_linux64_openblas
  - libcblas 3.9.0 23_linux64_openblas
  - liblapack 3.9.0 23_linux64_openblas
  constrains:
  - blas * openblas
  license: BSD-3-Clause
  license_family: BSD
  size: 14831
  timestamp: 1721688782834
- kind: conda
  name: libopenblas
  version: 0.3.27
  build: pthreads_hac2b453_1
  build_number: 1
  subdir: linux-64
  url: https://conda.anaconda.org/conda-forge/linux-64/libopenblas-0.3.27-pthreads_hac2b453_1.conda
  sha256: 714cb82d7c4620ea2635a92d3df263ab841676c9b183d0c01992767bb2451c39
  md5: ae05ece66d3924ac3d48b4aa3fa96cec
  depends:
  - libgcc-ng >=12
  - libgfortran-ng
  - libgfortran5 >=12.3.0
  constrains:
  - openblas >=0.3.27,<0.3.28.0a0
  license: BSD-3-Clause
  license_family: BSD
  size: 5563053
  timestamp: 1720426334043
- kind: conda
  name: libstdcxx-ng
  version: 14.1.0
  build: hc0a3c3a_0
  subdir: linux-64
  url: https://conda.anaconda.org/conda-forge/linux-64/libstdcxx-ng-14.1.0-hc0a3c3a_0.conda
  sha256: 88c42b388202ffe16adaa337e36cf5022c63cf09b0405cf06fc6aeacccbe6146
  md5: 1cb187a157136398ddbaae90713e2498
  depends:
  - libgcc-ng 14.1.0 h77fa898_0
  license: GPL-3.0-only WITH GCC-exception-3.1
  license_family: GPL
  size: 3881307
  timestamp: 1719538923443
- kind: conda
  name: libxml2
  version: 2.12.7
  build: he7c6b58_4
  build_number: 4
  subdir: linux-64
  url: https://conda.anaconda.org/conda-forge/linux-64/libxml2-2.12.7-he7c6b58_4.conda
  sha256: 10e9e0ac52b9a516a17edbc07f8d559e23778e54f1a7721b2e0e8219284fed3b
  md5: 08a9265c637230c37cb1be4a6cad4536
  depends:
  - __glibc >=2.17,<3.0.a0
  - icu >=75.1,<76.0a0
  - libgcc-ng >=12
  - libiconv >=1.17,<2.0a0
  - libzlib >=1.3.1,<2.0a0
  - xz >=5.2.6,<6.0a0
  license: MIT
  license_family: MIT
  size: 707169
  timestamp: 1721031016143
- kind: conda
  name: libzlib
  version: 1.3.1
  build: h4ab18f5_1
  build_number: 1
  subdir: linux-64
  url: https://conda.anaconda.org/conda-forge/linux-64/libzlib-1.3.1-h4ab18f5_1.conda
  sha256: adf6096f98b537a11ae3729eaa642b0811478f0ea0402ca67b5108fe2cb0010d
  md5: 57d7dc60e9325e3de37ff8dffd18e814
  depends:
  - libgcc-ng >=12
  constrains:
  - zlib 1.3.1 *_1
  license: Zlib
  license_family: Other
  size: 61574
  timestamp: 1716874187109
- kind: conda
  name: llvm-openmp
  version: 18.1.8
  build: hf5423f3_1
  build_number: 1
  subdir: linux-64
  url: https://conda.anaconda.org/conda-forge/linux-64/llvm-openmp-18.1.8-hf5423f3_1.conda
  sha256: 54b706eb3bdb1252d4fb3672d25eea4e7c66866c2a43418d895e30b34c9168ba
  md5: 8782406a10201b67bd6476ca70cf92a8
  depends:
  - libzlib >=1.3.1,<2.0a0
  - zstd >=1.5.6,<1.6.0a0
  constrains:
  - openmp 18.1.8|18.1.8.*
  license: Apache-2.0 WITH LLVM-exception
  license_family: APACHE
  size: 58476497
  timestamp: 1723605385200
- kind: conda
  name: mkl
  version: 2021.4.0
  build: h8d4b97c_729
  build_number: 729
  subdir: linux-64
  url: https://conda.anaconda.org/conda-forge/linux-64/mkl-2021.4.0-h8d4b97c_729.tar.bz2
  sha256: c279dbaac6f6dec4066efcc0f1cdac346259fcfc45023cb144fcfbf3d97cfcea
  md5: 584dc18ddedfda6273c25a728389189e
  depends:
  - _openmp_mutex * *_llvm
  - _openmp_mutex >=4.5
  - llvm-openmp >=12.0.1
  - tbb 2021.*
  license: LicenseRef-ProprietaryIntel
  license_family: Proprietary
  size: 229720049
  timestamp: 1634135428802
- kind: conda
  name: mkl-devel
  version: 2021.4.0
  build: ha770c72_730
  build_number: 730
  subdir: linux-64
  url: https://conda.anaconda.org/conda-forge/linux-64/mkl-devel-2021.4.0-ha770c72_730.tar.bz2
  sha256: 26038e53a527bbadd24d02526384f83b5ebf3f4bd0008ca5ce930b7655a57833
  md5: b3b6612363b1a888a06195890d9175ce
  depends:
  - mkl 2021.4.0 h8d4b97c_729
  - mkl-include 2021.4.0 h8d4b97c_729
  license: LicenseRef-ProprietaryIntel
  license_family: Proprietary
  size: 25152
  timestamp: 1634136017089
- kind: conda
  name: mkl-include
  version: 2021.4.0
  build: h8d4b97c_729
  build_number: 729
  subdir: linux-64
  url: https://conda.anaconda.org/conda-forge/linux-64/mkl-include-2021.4.0-h8d4b97c_729.tar.bz2
  sha256: 3d3e277e2d771bb2b32c5b29179bbecf1afb12d2b7592f911b530f50ce4eacff
  md5: 36681f8545e25efcb7dfec9335757822
  license: LicenseRef-ProprietaryIntel
  license_family: Proprietary
  size: 710450
  timestamp: 1634135649882
- kind: conda
  name: ocl-icd
  version: 2.3.2
  build: hd590300_1
  build_number: 1
  subdir: linux-64
  url: https://conda.anaconda.org/conda-forge/linux-64/ocl-icd-2.3.2-hd590300_1.conda
  sha256: 0e01384423e48e5011eb6b224da8dc5e3567c87dbcefbe60cd9d5cead276cdcd
  md5: c66f837ac65e4d1cdeb80e2a1d5fcc3d
  depends:
  - libgcc-ng >=12
  license: BSD-2-Clause
  license_family: BSD
  size: 135681
  timestamp: 1710946531879
- kind: conda
  name: openblas
  version: 0.3.27
  build: pthreads_h9eca1d5_1
  build_number: 1
  subdir: linux-64
  url: https://conda.anaconda.org/conda-forge/linux-64/openblas-0.3.27-pthreads_h9eca1d5_1.conda
  sha256: b7380281a6c0f02ab71937cd63fbfdc156286db01b5f76d55ff4740f66e7ba25
  md5: 5633a1616bda33f8b815841eba4dbfb8
  depends:
  - libgcc-ng >=12
  - libgfortran-ng
  - libgfortran5 >=12.3.0
  - libopenblas 0.3.27 pthreads_hac2b453_1
  license: BSD-3-Clause
  license_family: BSD
  size: 5719460
  timestamp: 1720426355143
- kind: conda
  name: sysroot_linux-64
  version: '2.17'
  build: h4a8ded7_16
  build_number: 16
  subdir: noarch
  noarch: generic
  url: https://conda.anaconda.org/conda-forge/noarch/sysroot_linux-64-2.17-h4a8ded7_16.conda
  sha256: b892b0b9c6dc8efe8b9b5442597d1ab8d65c0dc7e4e5a80f822cbdf0a639bd77
  md5: 223fe8a3ff6d5e78484a9d58eb34d055
  depends:
  - _sysroot_linux-64_curr_repodata_hack 3.*
  - kernel-headers_linux-64 3.10.0 h4a8ded7_16
  - tzdata
  license: LGPL-2.0-or-later AND LGPL-2.0-or-later WITH exceptions AND GPL-2.0-or-later AND MPL-2.0
  license_family: GPL
  size: 15513240
  timestamp: 1720621429816
- kind: conda
  name: tbb
  version: 2021.12.0
  build: h434a139_3
  build_number: 3
  subdir: linux-64
  url: https://conda.anaconda.org/conda-forge/linux-64/tbb-2021.12.0-h434a139_3.conda
  sha256: e901e1887205a3f90d6a77e1302ccc5ffe48fd30de16907dfdbdbf1dbef0a177
  md5: c667c11d1e488a38220ede8a34441bff
  depends:
  - __glibc >=2.17,<3.0.a0
  - libgcc-ng >=12
  - libhwloc >=2.11.1,<2.11.2.0a0
  - libstdcxx-ng >=12
  license: Apache-2.0
  license_family: APACHE
  size: 193384
  timestamp: 1720768395379
- kind: conda
  name: tzdata
  version: 2024a
  build: h0c530f3_0
  subdir: noarch
  noarch: generic
  url: https://conda.anaconda.org/conda-forge/noarch/tzdata-2024a-h0c530f3_0.conda
  sha256: 7b2b69c54ec62a243eb6fba2391b5e443421608c3ae5dbff938ad33ca8db5122
  md5: 161081fc7cec0bfda0d86d7cb595f8d8
  license: LicenseRef-Public-Domain
  size: 119815
  timestamp: 1706886945727
- kind: conda
  name: xz
  version: 5.2.6
  build: h166bdaf_0
  subdir: linux-64
  url: https://conda.anaconda.org/conda-forge/linux-64/xz-5.2.6-h166bdaf_0.tar.bz2
  sha256: 03a6d28ded42af8a347345f82f3eebdd6807a08526d47899a42d62d319609162
  md5: 2161070d867d1b1204ea749c8eec4ef0
  depends:
  - libgcc-ng >=12
  license: LGPL-2.1 and GPL-2.0
  size: 418368
  timestamp: 1660346797927
- kind: conda
  name: zstd
  version: 1.5.6
  build: ha6fb4c9_0
  subdir: linux-64
  url: https://conda.anaconda.org/conda-forge/linux-64/zstd-1.5.6-ha6fb4c9_0.conda
  sha256: c558b9cc01d9c1444031bd1ce4b9cff86f9085765f17627a6cd85fc623c8a02b
  md5: 4d056880988120e29d75bfff282e0f45
  depends:
  - libgcc-ng >=12
  - libstdcxx-ng >=12
  - libzlib >=1.2.13,<2.0.0a0
  license: BSD-3-Clause
  license_family: BSD
  size: 554846
  timestamp: 1714722996770
